{
  "nodes": {
    "foundryvtt": {
      "inputs": {
        "nixpkgs": "nixpkgs"
      },
      "locked": {
        "lastModified": 1696777017,
        "narHash": "sha256-yCqwecHKXGXjAlS5JrtVO2EAkFCYWqvLF+ER0WebZ6g=",
        "owner": "reckenrode",
        "repo": "nix-foundryvtt",
        "rev": "9b880a901139a65bebb72d359425d45c7f5224b2",
        "type": "github"
      },
      "original": {
        "owner": "reckenrode",
        "repo": "nix-foundryvtt",
        "type": "github"
      }
    },
    "home-manager": {
      "inputs": {
        "nixpkgs": [
          "nixpkgs"
        ],
        "utils": "utils"
      },
      "locked": {
        "lastModified": 1685325875,
        "narHash": "sha256-tevlLIMPeVNNYPd9UgjHApAUoFAnw9iohqUyj+LPp88=",
        "owner": "nix-community",
        "repo": "home-manager",
        "rev": "b372d7f8d5518aaba8a4058a453957460481afbc",
        "type": "github"
      },
      "original": {
        "owner": "nix-community",
        "ref": "release-22.11",
        "repo": "home-manager",
        "type": "github"
      }
    },
    "home-manager-unstable": {
      "inputs": {
        "nixpkgs": [
          "nixpkgs-unstable"
        ]
      },
      "locked": {
        "lastModified": 1697555443,
        "narHash": "sha256-nsq8A+adEdN7bvVdz09LFyrHkTW5GtOzo/ctlHhyaaE=",
        "owner": "nix-community",
        "repo": "home-manager",
        "rev": "b3acf1dc78b38a2fe03b287fead44d7ad25ac7c5",
        "type": "github"
      },
      "original": {
        "owner": "nix-community",
        "repo": "home-manager",
        "type": "github"
      }
    },
    "nix-darwin": {
      "inputs": {
        "nixpkgs": [
          "nixpkgs"
        ]
      },
      "locked": {
        "lastModified": 1696360011,
        "narHash": "sha256-HpPv27qMuPou4acXcZ8Klm7Zt0Elv9dgDvSJaomWb9Y=",
        "owner": "LnL7",
        "repo": "nix-darwin",
        "rev": "8b6ea26d5d2e8359d06278364f41fbc4b903b28a",
        "type": "github"
      },
      "original": {
        "owner": "LnL7",
        "repo": "nix-darwin",
        "type": "github"
      }
    },
    "nix-packages": {
      "inputs": {
        "nixpkgs": [
          "nixpkgs"
        ]
      },
      "locked": {
        "lastModified": 1696194977,
        "narHash": "sha256-MXPAHPjUCePQ5s5gcy3rSsPhjunrOrqmVRPGrcg8y/k=",
        "owner": "reckenrode",
        "repo": "nix-packages",
        "rev": "09ecb544e220c4d39d4e6a15dae151a5fa5f68d4",
        "type": "github"
      },
      "original": {
        "owner": "reckenrode",
        "repo": "nix-packages",
        "type": "github"
      }
    },
    "nix-unstable-packages": {
      "inputs": {
        "nixpkgs": [
          "nixpkgs-unstable"
        ]
      },
      "locked": {
        "lastModified": 1696194977,
        "narHash": "sha256-MXPAHPjUCePQ5s5gcy3rSsPhjunrOrqmVRPGrcg8y/k=",
        "owner": "reckenrode",
        "repo": "nix-packages",
        "rev": "09ecb544e220c4d39d4e6a15dae151a5fa5f68d4",
        "type": "github"
      },
      "original": {
        "owner": "reckenrode",
        "repo": "nix-packages",
        "type": "github"
      }
    },
    "nixpkgs": {
      "locked": {
        "lastModified": 1694304580,
        "narHash": "sha256-5tIpNodDpEKT8mM/F5zCzWEAnidOg8eb1/x3SRaaBLs=",
        "owner": "nixos",
        "repo": "nixpkgs",
        "rev": "4c8cf44c5b9481a4f093f1df3b8b7ba997a7c760",
        "type": "github"
      },
      "original": {
        "owner": "nixos",
        "ref": "nixos-23.05",
        "repo": "nixpkgs",
        "type": "github"
      }
    },
    "nixpkgs-stable": {
      "locked": {
        "lastModified": 1697332183,
        "narHash": "sha256-ACYvYsgLETfEI2xM1jjp8ZLVNGGC0onoCGe+69VJGGE=",
        "owner": "NixOS",
        "repo": "nixpkgs",
        "rev": "0e1cff585c1a85aeab059d3109f66134a8f76935",
        "type": "github"
      },
      "original": {
        "owner": "NixOS",
        "ref": "release-23.05",
        "repo": "nixpkgs",
        "type": "github"
      }
    },
    "nixpkgs-unstable": {
      "locked": {
        "lastModified": 1697456312,
        "narHash": "sha256-roiSnrqb5r+ehnKCauPLugoU8S36KgmWraHgRqVYndo=",
        "owner": "NixOS",
        "repo": "nixpkgs",
        "rev": "ca012a02bf8327be9e488546faecae5e05d7d749",
        "type": "github"
      },
      "original": {
        "owner": "NixOS",
        "ref": "nixos-unstable",
        "repo": "nixpkgs",
        "type": "github"
      }
    },
    "nixpkgs_2": {
      "locked": {
        "lastModified": 1688392541,
        "narHash": "sha256-lHrKvEkCPTUO+7tPfjIcb7Trk6k31rz18vkyqmkeJfY=",
        "owner": "NixOS",
        "repo": "nixpkgs",
        "rev": "ea4c80b39be4c09702b0cb3b42eab59e2ba4f24b",
        "type": "github"
      },
      "original": {
        "owner": "NixOS",
        "ref": "nixos-22.11",
        "repo": "nixpkgs",
        "type": "github"
      }
    },
    "root": {
      "inputs": {
        "foundryvtt": "foundryvtt",
        "home-manager": "home-manager",
        "home-manager-unstable": "home-manager-unstable",
        "nix-darwin": "nix-darwin",
        "nix-packages": "nix-packages",
        "nix-unstable-packages": "nix-unstable-packages",
        "nixpkgs": "nixpkgs_2",
        "nixpkgs-unstable": "nixpkgs-unstable",
        "sops-nix": "sops-nix",
        "verify-archive": "verify-archive"
      }
    },
    "sops-nix": {
      "inputs": {
        "nixpkgs": [
          "nixpkgs"
        ],
        "nixpkgs-stable": "nixpkgs-stable"
      },
      "locked": {
        "lastModified": 1697339241,
        "narHash": "sha256-ITsFtEtRbCBeEH9XrES1dxZBkE1fyNNUfIyQjQ2AYQs=",
        "owner": "Mic92",
        "repo": "sops-nix",
        "rev": "51186b8012068c417dac7c31fb12861726577898",
        "type": "github"
      },
      "original": {
        "owner": "Mic92",
        "repo": "sops-nix",
        "type": "github"
      }
    },
    "utils": {
      "locked": {
        "lastModified": 1667395993,
        "narHash": "sha256-nuEHfE/LcWyuSWnS8t12N1wc105Qtau+/OdUAjtQ0rA=",
        "owner": "numtide",
        "repo": "flake-utils",
        "rev": "5aed5285a952e0b949eb3ba02c12fa4fcfef535f",
        "type": "github"
      },
      "original": {
        "owner": "numtide",
        "repo": "flake-utils",
        "type": "github"
      }
    },
    "verify-archive": {
      "inputs": {
        "nixpkgs": [
          "nixpkgs"
        ]
      },
      "locked": {
        "lastModified": 1678763001,
        "narHash": "sha256-l+LE17CUX3kAnGkF8F3WS84mlWSv5kqenXuTAQu6iRo=",
        "owner": "reckenrode",
        "repo": "verify-archive",
        "rev": "f452420680bdf4e037a441e2eb30f4c00a6d7edf",
        "type": "github"
      },
      "original": {
        "owner": "reckenrode",
        "ref": "releases",
        "repo": "verify-archive",
        "type": "github"
      }
    }
  },
  "root": "root",
  "version": 7
}
