{
  "nodes": {
    "foundryvtt": {
      "inputs": {
        "nixpkgs": [
          "nixpkgs"
        ]
      },
      "locked": {
        "lastModified": 1686345141,
        "narHash": "sha256-u0nkXx3SItnb9RO57knA1IY2UlmCATd5ixmdpWBhc1Q=",
        "owner": "reckenrode",
        "repo": "nix-foundryvtt",
        "rev": "aae6c686ace4ff2dc50246093ebf319ab33cf1ff",
        "type": "github"
      },
      "original": {
        "owner": "reckenrode",
        "repo": "nix-foundryvtt",
        "type": "github"
      }
    },
    "home-manager": {
      "inputs": {
        "nixpkgs": [
          "nixpkgs"
        ],
        "utils": "utils"
      },
      "locked": {
        "lastModified": 1685325875,
        "narHash": "sha256-tevlLIMPeVNNYPd9UgjHApAUoFAnw9iohqUyj+LPp88=",
        "owner": "nix-community",
        "repo": "home-manager",
        "rev": "b372d7f8d5518aaba8a4058a453957460481afbc",
        "type": "github"
      },
      "original": {
        "owner": "nix-community",
        "ref": "release-22.11",
        "repo": "home-manager",
        "type": "github"
      }
    },
    "home-manager-unstable": {
      "inputs": {
        "nixpkgs": [
          "nixpkgs-unstable"
        ]
      },
      "locked": {
        "lastModified": 1687365523,
        "narHash": "sha256-2l/cPXDCDVcLNm+EvCRGJcJ9YxxyLbc2vfTah/t8Qwc=",
        "owner": "nix-community",
        "repo": "home-manager",
        "rev": "1fefd7bb8da0eec6755747f410fa491411a94296",
        "type": "github"
      },
      "original": {
        "owner": "nix-community",
        "repo": "home-manager",
        "type": "github"
      }
    },
    "nix-darwin": {
      "inputs": {
        "nixpkgs": [
          "nixpkgs"
        ]
      },
      "locked": {
        "lastModified": 1687385522,
        "narHash": "sha256-GR8mqsqYcdZ67dCcII5SWcwHqPAJRWXPmqsuMl7+KA4=",
        "owner": "LnL7",
        "repo": "nix-darwin",
        "rev": "bc346a67d34a336ca3c507570875cc88038e6120",
        "type": "github"
      },
      "original": {
        "owner": "LnL7",
        "repo": "nix-darwin",
        "type": "github"
      }
    },
    "nix-packages": {
      "inputs": {
        "nixpkgs": [
          "nixpkgs"
        ]
      },
      "locked": {
        "lastModified": 1684877470,
        "narHash": "sha256-p5Pe1Bo8G4VsxTx9mddmCUPz1dZ5fB6hgHx9RPJFgZQ=",
        "owner": "reckenrode",
        "repo": "nix-packages",
        "rev": "96b37cf5b91c092c924d4494d4d3fbb8adc48b65",
        "type": "github"
      },
      "original": {
        "owner": "reckenrode",
        "repo": "nix-packages",
        "type": "github"
      }
    },
    "nix-unstable-packages": {
      "inputs": {
        "nixpkgs": [
          "nixpkgs-unstable"
        ]
      },
      "locked": {
        "lastModified": 1684877470,
        "narHash": "sha256-p5Pe1Bo8G4VsxTx9mddmCUPz1dZ5fB6hgHx9RPJFgZQ=",
        "owner": "reckenrode",
        "repo": "nix-packages",
        "rev": "96b37cf5b91c092c924d4494d4d3fbb8adc48b65",
        "type": "github"
      },
      "original": {
        "owner": "reckenrode",
        "repo": "nix-packages",
        "type": "github"
      }
    },
    "nixpkgs": {
      "locked": {
        "lastModified": 1687306699,
        "narHash": "sha256-7FSpk1d9drY1m1dsXYWHzNLE0vf64pwbTOrkMBybXPU=",
        "owner": "NixOS",
        "repo": "nixpkgs",
        "rev": "03091c9ffd7033ea855d0216111c4a9975c5780f",
        "type": "github"
      },
      "original": {
        "owner": "NixOS",
        "ref": "nixos-22.11",
        "repo": "nixpkgs",
        "type": "github"
      }
    },
    "nixpkgs-stable": {
      "locked": {
        "lastModified": 1687031877,
        "narHash": "sha256-yMFcVeI+kZ6KD2QBrFPNsvBrLq2Gt//D0baHByMrjFY=",
        "owner": "NixOS",
        "repo": "nixpkgs",
        "rev": "e2e2059d19668dab1744301b8b0e821e3aae9c99",
        "type": "github"
      },
      "original": {
        "owner": "NixOS",
        "ref": "release-23.05",
        "repo": "nixpkgs",
        "type": "github"
      }
    },
    "nixpkgs-unstable": {
      "locked": {
        "lastModified": 1686960236,
        "narHash": "sha256-AYCC9rXNLpUWzD9hm+askOfpliLEC9kwAo7ITJc4HIw=",
        "owner": "NixOS",
        "repo": "nixpkgs",
        "rev": "04af42f3b31dba0ef742d254456dc4c14eedac86",
        "type": "github"
      },
      "original": {
        "owner": "NixOS",
        "ref": "nixos-unstable",
        "repo": "nixpkgs",
        "type": "github"
      }
    },
    "root": {
      "inputs": {
        "foundryvtt": "foundryvtt",
        "home-manager": "home-manager",
        "home-manager-unstable": "home-manager-unstable",
        "nix-darwin": "nix-darwin",
        "nix-packages": "nix-packages",
        "nix-unstable-packages": "nix-unstable-packages",
        "nixpkgs": "nixpkgs",
        "nixpkgs-unstable": "nixpkgs-unstable",
        "sops-nix": "sops-nix",
        "verify-archive": "verify-archive"
      }
    },
    "sops-nix": {
      "inputs": {
        "nixpkgs": [
          "nixpkgs"
        ],
        "nixpkgs-stable": "nixpkgs-stable"
      },
      "locked": {
        "lastModified": 1687398569,
        "narHash": "sha256-e/umuIKFcFtZtWeX369Hbdt9r+GQ48moDmlTcyHWL28=",
        "owner": "Mic92",
        "repo": "sops-nix",
        "rev": "2ff6973350682f8d16371f8c071a304b8067f192",
        "type": "github"
      },
      "original": {
        "owner": "Mic92",
        "repo": "sops-nix",
        "type": "github"
      }
    },
    "utils": {
      "locked": {
        "lastModified": 1667395993,
        "narHash": "sha256-nuEHfE/LcWyuSWnS8t12N1wc105Qtau+/OdUAjtQ0rA=",
        "owner": "numtide",
        "repo": "flake-utils",
        "rev": "5aed5285a952e0b949eb3ba02c12fa4fcfef535f",
        "type": "github"
      },
      "original": {
        "owner": "numtide",
        "repo": "flake-utils",
        "type": "github"
      }
    },
    "verify-archive": {
      "inputs": {
        "nixpkgs": [
          "nixpkgs"
        ]
      },
      "locked": {
        "lastModified": 1678763001,
        "narHash": "sha256-l+LE17CUX3kAnGkF8F3WS84mlWSv5kqenXuTAQu6iRo=",
        "owner": "reckenrode",
        "repo": "verify-archive",
        "rev": "f452420680bdf4e037a441e2eb30f4c00a6d7edf",
        "type": "github"
      },
      "original": {
        "owner": "reckenrode",
        "ref": "releases",
        "repo": "verify-archive",
        "type": "github"
      }
    }
  },
  "root": "root",
  "version": 7
}
